
Microsoft Visual Studio Solution File, Format Version 12.00
# Visual Studio Version 16
VisualStudioVersion = 16.0.30804.86
MinimumVisualStudioVersion = 10.0.40219.1
Project("{FAE04EC0-301F-11D3-BF4B-00C04F79EFBC}") = "KhoaHoc_C1", "KhoaHoc_C1\KhoaHoc_C1.csproj", "{5944EB2F-D4D6-42C1-A8C8-8536DAE9B0D9}"
EndProject
Global
	GlobalSection(SolutionConfigurationPlatforms) = preSolution
		Debug|Any CPU = Debug|Any CPU
		Release|Any CPU = Release|Any CPU
	EndGlobalSection
	GlobalSection(ProjectConfigurationPlatforms) = postSolution
		{5944EB2F-D4D6-42C1-A8C8-8536DAE9B0D9}.Debug|Any CPU.ActiveCfg = Debug|Any CPU
		{5944EB2F-D4D6-42C1-A8C8-8536DAE9B0D9}.Debug|Any CPU.Build.0 = Debug|Any CPU
		{5944EB2F-D4D6-42C1-A8C8-8536DAE9B0D9}.Release|Any CPU.ActiveCfg = Release|Any CPU
		{5944EB2F-D4D6-42C1-A8C8-8536DAE9B0D9}.Release|Any CPU.Build.0 = Release|Any CPU
	EndGlobalSection
	GlobalSection(SolutionProperties) = preSolution
		HideSolutionNode = FALSE
	EndGlobalSection
	GlobalSection(ExtensibilityGlobals) = postSolution
		SolutionGuid = {3BB0507F-D5AC-449F-8746-819D3C3D248A}
	EndGlobalSection
EndGlobal
